
Microsoft Visual Studio Solution File, Format Version 12.00
# Visual Studio 15
VisualStudioVersion = 15.0.27428.2002
MinimumVisualStudioVersion = 10.0.40219.1
Project("{FAE04EC0-301F-11D3-BF4B-00C04F79EFBC}") = "SE2018Project", "SE2018Project\SE2018Project.csproj", "{14303F4F-9983-48E2-A99B-29E6801D3869}"
EndProject
Global
	GlobalSection(SolutionConfigurationPlatforms) = preSolution
		Debug|Any CPU = Debug|Any CPU
		Release|Any CPU = Release|Any CPU
	EndGlobalSection
	GlobalSection(ProjectConfigurationPlatforms) = postSolution
		{14303F4F-9983-48E2-A99B-29E6801D3869}.Debug|Any CPU.ActiveCfg = Debug|Any CPU
		{14303F4F-9983-48E2-A99B-29E6801D3869}.Debug|Any CPU.Build.0 = Debug|Any CPU
		{14303F4F-9983-48E2-A99B-29E6801D3869}.Release|Any CPU.ActiveCfg = Release|Any CPU
		{14303F4F-9983-48E2-A99B-29E6801D3869}.Release|Any CPU.Build.0 = Release|Any CPU
	EndGlobalSection
	GlobalSection(SolutionProperties) = preSolution
		HideSolutionNode = FALSE
	EndGlobalSection
	GlobalSection(ExtensibilityGlobals) = postSolution
		SolutionGuid = {1DB999F1-1422-4C93-A73C-0396BB6331AD}
	EndGlobalSection
EndGlobal
